
Microsoft Visual Studio Solution File, Format Version 12.00
Project("{FAE04EC0-301F-11D3-BF4B-00C04F79EFBC}") = "WinFormVectorDraw", "WinFormVectorDraw.csproj", "{D3A3EA82-837D-4A0E-8E06-8A758CCD80F8}"
EndProject
Global
	GlobalSection(SolutionConfigurationPlatforms) = preSolution
		Debug|Any CPU = Debug|Any CPU
		Release|Any CPU = Release|Any CPU
	EndGlobalSection
	GlobalSection(ProjectConfigurationPlatforms) = postSolution
		{D3A3EA82-837D-4A0E-8E06-8A758CCD80F8}.Debug|Any CPU.ActiveCfg = Debug|Any CPU
		{D3A3EA82-837D-4A0E-8E06-8A758CCD80F8}.Debug|Any CPU.Build.0 = Debug|Any CPU
		{D3A3EA82-837D-4A0E-8E06-8A758CCD80F8}.Release|Any CPU.ActiveCfg = Release|Any CPU
		{D3A3EA82-837D-4A0E-8E06-8A758CCD80F8}.Release|Any CPU.Build.0 = Release|Any CPU
	EndGlobalSection
EndGlobal
